
Microsoft Visual Studio Solution File, Format Version 12.00
# Visual Studio 15
VisualStudioVersion = 15.0.27130.2020
MinimumVisualStudioVersion = 10.0.40219.1
Project("{FAE04EC0-301F-11D3-BF4B-00C04F79EFBC}") = "HelloWorld2.Android", "HelloWorld2\HelloWorld2.Android\HelloWorld2.Android.csproj", "{44BD4C4F-C0CA-44D5-983E-232CD16AF7C9}"
EndProject
Project("{FAE04EC0-301F-11D3-BF4B-00C04F79EFBC}") = "HelloWorld2", "HelloWorld2\HelloWorld2\HelloWorld2.csproj", "{D61964DE-DFB7-4D9C-A40F-049B8A54ED0C}"
EndProject
Global
	GlobalSection(SolutionConfigurationPlatforms) = preSolution
		Debug|Any CPU = Debug|Any CPU
		Release|Any CPU = Release|Any CPU
	EndGlobalSection
	GlobalSection(ProjectConfigurationPlatforms) = postSolution
		{44BD4C4F-C0CA-44D5-983E-232CD16AF7C9}.Debug|Any CPU.ActiveCfg = Debug|Any CPU
		{44BD4C4F-C0CA-44D5-983E-232CD16AF7C9}.Debug|Any CPU.Build.0 = Debug|Any CPU
		{44BD4C4F-C0CA-44D5-983E-232CD16AF7C9}.Debug|Any CPU.Deploy.0 = Debug|Any CPU
		{44BD4C4F-C0CA-44D5-983E-232CD16AF7C9}.Release|Any CPU.ActiveCfg = Release|Any CPU
		{44BD4C4F-C0CA-44D5-983E-232CD16AF7C9}.Release|Any CPU.Build.0 = Release|Any CPU
		{44BD4C4F-C0CA-44D5-983E-232CD16AF7C9}.Release|Any CPU.Deploy.0 = Release|Any CPU
		{D61964DE-DFB7-4D9C-A40F-049B8A54ED0C}.Debug|Any CPU.ActiveCfg = Debug|Any CPU
		{D61964DE-DFB7-4D9C-A40F-049B8A54ED0C}.Debug|Any CPU.Build.0 = Debug|Any CPU
		{D61964DE-DFB7-4D9C-A40F-049B8A54ED0C}.Release|Any CPU.ActiveCfg = Release|Any CPU
		{D61964DE-DFB7-4D9C-A40F-049B8A54ED0C}.Release|Any CPU.Build.0 = Release|Any CPU
	EndGlobalSection
	GlobalSection(SolutionProperties) = preSolution
		HideSolutionNode = FALSE
	EndGlobalSection
	GlobalSection(ExtensibilityGlobals) = postSolution
		SolutionGuid = {82E393C7-0D7A-4FF6-9220-E43D4CEA0A9A}
	EndGlobalSection
EndGlobal
